{
  "name": "navis.js",
  "version": "5.5.0",
  "lockfileVersion": 3,
  "requires": true,
  "packages": {
    "": {
      "name": "navis.js",
      "version": "5.5.0",
      "license": "MIT",
      "bin": {
        "navis": "bin/navis.js"
      },
      "engines": {
        "node": ">=14.0.0"
      }
    }
  }
}
