{
  "name": "navis.js",
  "version": "5.8.3",
  "lockfileVersion": 3,
  "requires": true,
  "packages": {
    "": {
      "name": "navis.js",
      "version": "5.8.3",
      "license": "MIT",
      "dependencies": {
        "navis.js": "^5.8.3"
      },
      "bin": {
        "navis": "bin/navis.js"
      },
      "engines": {
        "node": ">=14.0.0"
      }
    },
    "node_modules/navis.js": {
      "version": "5.8.3",
      "resolved": "https://registry.npmjs.org/navis.js/-/navis.js-5.8.3.tgz",
      "integrity": "sha512-DN+rKvaWiLEBnUpdNEFIoQXqpNXS7NHvkXC6OLc5v3igWqChpw/REIgGfuTlwlHstUwbMnPH7cYC0pwSI+VkZw==",
      "license": "MIT",
      "bin": {
        "navis": "bin/navis.js"
      },
      "engines": {
        "node": ">=14.0.0"
      }
    }
  }
}
